// !$*UTF8*$!
{
	archiveVersion = 1;
	classes = {
	};
	objectVersion = 48;
	objects = {

/* Begin PBXBuildFile section */
		8A6E00A3202F8EA10001297D /* Extensions.swift in Sources */ = {isa = PBXBuildFile; fileRef = 8A6E00A2202F8EA10001297D /* Extensions.swift */; };
		8A6E00A5202F8EE00001297D /* Constants.swift in Sources */ = {isa = PBXBuildFile; fileRef = 8A6E00A4202F8EE00001297D /* Constants.swift */; };
		8A6E00A7202F91000001297D /* PhotoController.swift in Sources */ = {isa = PBXBuildFile; fileRef = 8A6E00A6202F91000001297D /* PhotoController.swift */; };
		8A6E00A920308A310001297D /* PickerViewDataHandler.swift in Sources */ = {isa = PBXBuildFile; fileRef = 8A6E00A820308A310001297D /* PickerViewDataHandler.swift */; };
		8A6E00AC2030BBAE0001297D /* PickerViewController.swift in Sources */ = {isa = PBXBuildFile; fileRef = 8A6E00AA2030BBAE0001297D /* PickerViewController.swift */; };
		8A6E00AD2030BBAE0001297D /* PickerViewController.xib in Resources */ = {isa = PBXBuildFile; fileRef = 8A6E00AB2030BBAE0001297D /* PickerViewController.xib */; };
		8AAAF0B32038AF8E000A82B9 /* MemeModel.swift in Sources */ = {isa = PBXBuildFile; fileRef = 8AAAF0B22038AF8E000A82B9 /* MemeModel.swift */; };
		8AB3A665202F74D200373D76 /* AppDelegate.swift in Sources */ = {isa = PBXBuildFile; fileRef = 8AB3A664202F74D200373D76 /* AppDelegate.swift */; };
		8AB3A667202F74D200373D76 /* ViewController.swift in Sources */ = {isa = PBXBuildFile; fileRef = 8AB3A666202F74D200373D76 /* ViewController.swift */; };
		8AB3A66A202F74D200373D76 /* Main.storyboard in Resources */ = {isa = PBXBuildFile; fileRef = 8AB3A668202F74D200373D76 /* Main.storyboard */; };
		8AB3A66C202F74D200373D76 /* Assets.xcassets in Resources */ = {isa = PBXBuildFile; fileRef = 8AB3A66B202F74D200373D76 /* Assets.xcassets */; };
		8AB3A66F202F74D200373D76 /* LaunchScreen.storyboard in Resources */ = {isa = PBXBuildFile; fileRef = 8AB3A66D202F74D200373D76 /* LaunchScreen.storyboard */; };
/* End PBXBuildFile section */

/* Begin PBXFileReference section */
		8A6E00A2202F8EA10001297D /* Extensions.swift */ = {isa = PBXFileReference; fileEncoding = 4; lastKnownFileType = sourcecode.swift; path = Extensions.swift; sourceTree = "<group>"; };
		8A6E00A4202F8EE00001297D /* Constants.swift */ = {isa = PBXFileReference; fileEncoding = 4; lastKnownFileType = sourcecode.swift; path = Constants.swift; sourceTree = "<group>"; };
		8A6E00A6202F91000001297D /* PhotoController.swift */ = {isa = PBXFileReference; fileEncoding = 4; lastKnownFileType = sourcecode.swift; path = PhotoController.swift; sourceTree = "<group>"; };
		8A6E00A820308A310001297D /* PickerViewDataHandler.swift */ = {isa = PBXFileReference; lastKnownFileType = sourcecode.swift; path = PickerViewDataHandler.swift; sourceTree = "<group>"; };
		8A6E00AA2030BBAE0001297D /* PickerViewController.swift */ = {isa = PBXFileReference; lastKnownFileType = sourcecode.swift; path = PickerViewController.swift; sourceTree = "<group>"; };
		8A6E00AB2030BBAE0001297D /* PickerViewController.xib */ = {isa = PBXFileReference; lastKnownFileType = file.xib; path = PickerViewController.xib; sourceTree = "<group>"; };
		8AAAF0B22038AF8E000A82B9 /* MemeModel.swift */ = {isa = PBXFileReference; lastKnownFileType = sourcecode.swift; path = MemeModel.swift; sourceTree = "<group>"; };
		8AB3A661202F74D200373D76 /* Meme Me.app */ = {isa = PBXFileReference; explicitFileType = wrapper.application; includeInIndex = 0; path = "Meme Me.app"; sourceTree = BUILT_PRODUCTS_DIR; };
		8AB3A664202F74D200373D76 /* AppDelegate.swift */ = {isa = PBXFileReference; lastKnownFileType = sourcecode.swift; path = AppDelegate.swift; sourceTree = "<group>"; };
		8AB3A666202F74D200373D76 /* ViewController.swift */ = {isa = PBXFileReference; lastKnownFileType = sourcecode.swift; path = ViewController.swift; sourceTree = "<group>"; };
		8AB3A669202F74D200373D76 /* Base */ = {isa = PBXFileReference; lastKnownFileType = file.storyboard; name = Base; path = Base.lproj/Main.storyboard; sourceTree = "<group>"; };
		8AB3A66B202F74D200373D76 /* Assets.xcassets */ = {isa = PBXFileReference; lastKnownFileType = folder.assetcatalog; path = Assets.xcassets; sourceTree = "<group>"; };
		8AB3A66E202F74D200373D76 /* Base */ = {isa = PBXFileReference; lastKnownFileType = file.storyboard; name = Base; path = Base.lproj/LaunchScreen.storyboard; sourceTree = "<group>"; };
		8AB3A670202F74D200373D76 /* Info.plist */ = {isa = PBXFileReference; lastKnownFileType = text.plist.xml; path = Info.plist; sourceTree = "<group>"; };
/* End PBXFileReference section */

/* Begin PBXFrameworksBuildPhase section */
		8AB3A65E202F74D200373D76 /* Frameworks */ = {
			isa = PBXFrameworksBuildPhase;
			buildActionMask = 2147483647;
			files = (
			);
			runOnlyForDeploymentPostprocessing = 0;
		};
/* End PBXFrameworksBuildPhase section */

/* Begin PBXGroup section */
		8AB3A658202F74D100373D76 = {
			isa = PBXGroup;
			children = (
				8AB3A663202F74D200373D76 /* Meme Me */,
				8AB3A662202F74D200373D76 /* Products */,
			);
			sourceTree = "<group>";
		};
		8AB3A662202F74D200373D76 /* Products */ = {
			isa = PBXGroup;
			children = (
				8AB3A661202F74D200373D76 /* Meme Me.app */,
			);
			name = Products;
			sourceTree = "<group>";
		};
		8AB3A663202F74D200373D76 /* Meme Me */ = {
			isa = PBXGroup;
			children = (
				8A6E00A6202F91000001297D /* PhotoController.swift */,
				8A6E00A4202F8EE00001297D /* Constants.swift */,
				8A6E00A2202F8EA10001297D /* Extensions.swift */,
				8AB3A664202F74D200373D76 /* AppDelegate.swift */,
				8AB3A666202F74D200373D76 /* ViewController.swift */,
				8A6E00A820308A310001297D /* PickerViewDataHandler.swift */,
				8A6E00AA2030BBAE0001297D /* PickerViewController.swift */,
				8A6E00AB2030BBAE0001297D /* PickerViewController.xib */,
				8AB3A668202F74D200373D76 /* Main.storyboard */,
				8AB3A66B202F74D200373D76 /* Assets.xcassets */,
				8AB3A66D202F74D200373D76 /* LaunchScreen.storyboard */,
				8AB3A670202F74D200373D76 /* Info.plist */,
				8AAAF0B22038AF8E000A82B9 /* MemeModel.swift */,
			);
			path = "Meme Me";
			sourceTree = "<group>";
		};
/* End PBXGroup section */

/* Begin PBXNativeTarget section */
		8AB3A660202F74D200373D76 /* Meme Me */ = {
			isa = PBXNativeTarget;
			buildConfigurationList = 8AB3A673202F74D200373D76 /* Build configuration list for PBXNativeTarget "Meme Me" */;
			buildPhases = (
				8AB3A65D202F74D200373D76 /* Sources */,
				8AB3A65E202F74D200373D76 /* Frameworks */,
				8AB3A65F202F74D200373D76 /* Resources */,
			);
			buildRules = (
			);
			dependencies = (
			);
			name = "Meme Me";
			productName = "Meme Me";
			productReference = 8AB3A661202F74D200373D76 /* Meme Me.app */;
			productType = "com.apple.product-type.application";
		};
/* End PBXNativeTarget section */

/* Begin PBXProject section */
		8AB3A659202F74D100373D76 /* Project object */ = {
			isa = PBXProject;
			attributes = {
				LastSwiftUpdateCheck = 0920;
				LastUpgradeCheck = 0920;
				ORGANIZATIONNAME = "Shailesh Aher";
				TargetAttributes = {
					8AB3A660202F74D200373D76 = {
						CreatedOnToolsVersion = 9.2;
						ProvisioningStyle = Automatic;
					};
				};
			};
			buildConfigurationList = 8AB3A65C202F74D100373D76 /* Build configuration list for PBXProject "Meme Me" */;
			compatibilityVersion = "Xcode 8.0";
			developmentRegion = en;
			hasScannedForEncodings = 0;
			knownRegions = (
				en,
				Base,
			);
			mainGroup = 8AB3A658202F74D100373D76;
			productRefGroup = 8AB3A662202F74D200373D76 /* Products */;
			projectDirPath = "";
			projectRoot = "";
			targets = (
				8AB3A660202F74D200373D76 /* Meme Me */,
			);
		};
/* End PBXProject section */

/* Begin PBXResourcesBuildPhase section */
		8AB3A65F202F74D200373D76 /* Resources */ = {
			isa = PBXResourcesBuildPhase;
			buildActionMask = 2147483647;
			files = (
				8AB3A66F202F74D200373D76 /* LaunchScreen.storyboard in Resources */,
				8AB3A66C202F74D200373D76 /* Assets.xcassets in Resources */,
				8A6E00AD2030BBAE0001297D /* PickerViewController.xib in Resources */,
				8AB3A66A202F74D200373D76 /* Main.storyboard in Resources */,
			);
			runOnlyForDeploymentPostprocessing = 0;
		};
/* End PBXResourcesBuildPhase section */

/* Begin PBXSourcesBuildPhase section */
		8AB3A65D202F74D200373D76 /* Sources */ = {
			isa = PBXSourcesBuildPhase;
			buildActionMask = 2147483647;
			files = (
				8A6E00A7202F91000001297D /* PhotoController.swift in Sources */,
				8A6E00A920308A310001297D /* PickerViewDataHandler.swift in Sources */,
				8AB3A667202F74D200373D76 /* ViewController.swift in Sources */,
				8A6E00A3202F8EA10001297D /* Extensions.swift in Sources */,
				8AB3A665202F74D200373D76 /* AppDelegate.swift in Sources */,
				8A6E00AC2030BBAE0001297D /* PickerViewController.swift in Sources */,
				8A6E00A5202F8EE00001297D /* Constants.swift in Sources */,
				8AAAF0B32038AF8E000A82B9 /* MemeModel.swift in Sources */,
			);
			runOnlyForDeploymentPostprocessing = 0;
		};
/* End PBXSourcesBuildPhase section */

/* Begin PBXVariantGroup section */
		8AB3A668202F74D200373D76 /* Main.storyboard */ = {
			isa = PBXVariantGroup;
			children = (
				8AB3A669202F74D200373D76 /* Base */,
			);
			name = Main.storyboard;
			sourceTree = "<group>";
		};
		8AB3A66D202F74D200373D76 /* LaunchScreen.storyboard */ = {
			isa = PBXVariantGroup;
			children = (
				8AB3A66E202F74D200373D76 /* Base */,
			);
			name = LaunchScreen.storyboard;
			sourceTree = "<group>";
		};
/* End PBXVariantGroup section */

/* Begin XCBuildConfiguration section */
		8AB3A671202F74D200373D76 /* Debug */ = {
			isa = XCBuildConfiguration;
			buildSettings = {
				ALWAYS_SEARCH_USER_PATHS = NO;
				CLANG_ANALYZER_NONNULL = YES;
				CLANG_ANALYZER_NUMBER_OBJECT_CONVERSION = YES_AGGRESSIVE;
				CLANG_CXX_LANGUAGE_STANDARD = "gnu++14";
				CLANG_CXX_LIBRARY = "libc++";
				CLANG_ENABLE_MODULES = YES;
				CLANG_ENABLE_OBJC_ARC = YES;
				CLANG_WARN_BLOCK_CAPTURE_AUTORELEASING = YES;
				CLANG_WARN_BOOL_CONVERSION = YES;
				CLANG_WARN_COMMA = YES;
				CLANG_WARN_CONSTANT_CONVERSION = YES;
				CLANG_WARN_DIRECT_OBJC_ISA_USAGE = YES_ERROR;
				CLANG_WARN_DOCUMENTATION_COMMENTS = YES;
				CLANG_WARN_EMPTY_BODY = YES;
				CLANG_WARN_ENUM_CONVERSION = YES;
				CLANG_WARN_INFINITE_RECURSION = YES;
				CLANG_WARN_INT_CONVERSION = YES;
				CLANG_WARN_NON_LITERAL_NULL_CONVERSION = YES;
				CLANG_WARN_OBJC_LITERAL_CONVERSION = YES;
				CLANG_WARN_OBJC_ROOT_CLASS = YES_ERROR;
				CLANG_WARN_RANGE_LOOP_ANALYSIS = YES;
				CLANG_WARN_STRICT_PROTOTYPES = YES;
				CLANG_WARN_SUSPICIOUS_MOVE = YES;
				CLANG_WARN_UNGUARDED_AVAILABILITY = YES_AGGRESSIVE;
				CLANG_WARN_UNREACHABLE_CODE = YES;
				CLANG_WARN__DUPLICATE_METHOD_MATCH = YES;
				CODE_SIGN_IDENTITY = "iPhone Developer";
				COPY_PHASE_STRIP = NO;
				DEBUG_INFORMATION_FORMAT = dwarf;
				ENABLE_STRICT_OBJC_MSGSEND = YES;
				ENABLE_TESTABILITY = YES;
				GCC_C_LANGUAGE_STANDARD = gnu11;
				GCC_DYNAMIC_NO_PIC = NO;
				GCC_NO_COMMON_BLOCKS = YES;
				GCC_OPTIMIZATION_LEVEL = 0;
				GCC_PREPROCESSOR_DEFINITIONS = (
					"DEBUG=1",
					"$(inherited)",
				);
				GCC_WARN_64_TO_32_BIT_CONVERSION = YES;
				GCC_WARN_ABOUT_RETURN_TYPE = YES_ERROR;
				GCC_WARN_UNDECLARED_SELECTOR = YES;
				GCC_WARN_UNINITIALIZED_AUTOS = YES_AGGRESSIVE;
				GCC_WARN_UNUSED_FUNCTION = YES;
				GCC_WARN_UNUSED_VARIABLE = YES;
				IPHONEOS_DEPLOYMENT_TARGET = 11.2;
				MTL_ENABLE_DEBUG_INFO = YES;
				ONLY_ACTIVE_ARCH = YES;
				SDKROOT = iphoneos;
				SWIFT_ACTIVE_COMPILATION_CONDITIONS = DEBUG;
				SWIFT_OPTIMIZATION_LEVEL = "-Onone";
			};
			name = Debug;
		};
		8AB3A672202F74D200373D76 /* Release */ = {
			isa = XCBuildConfiguration;
			buildSettings = {
				ALWAYS_SEARCH_USER_PATHS = NO;
				CLANG_ANALYZER_NONNULL = YES;
				CLANG_ANALYZER_NUMBER_OBJECT_CONVERSION = YES_AGGRESSIVE;
				CLANG_CXX_LANGUAGE_STANDARD = "gnu++14";
				CLANG_CXX_LIBRARY = "libc++";
				CLANG_ENABLE_MODULES = YES;
				CLANG_ENABLE_OBJC_ARC = YES;
				CLANG_WARN_BLOCK_CAPTURE_AUTORELEASING = YES;
				CLANG_WARN_BOOL_CONVERSION = YES;
				CLANG_WARN_COMMA = YES;
				CLANG_WARN_CONSTANT_CONVERSION = YES;
				CLANG_WARN_DIRECT_OBJC_ISA_USAGE = YES_ERROR;
				CLANG_WARN_DOCUMENTATION_COMMENTS = YES;
				CLANG_WARN_EMPTY_BODY = YES;
				CLANG_WARN_ENUM_CONVERSION = YES;
				CLANG_WARN_INFINITE_RECURSION = YES;
				CLANG_WARN_INT_CONVERSION = YES;
				CLANG_WARN_NON_LITERAL_NULL_CONVERSION = YES;
				CLANG_WARN_OBJC_LITERAL_CONVERSION = YES;
				CLANG_WARN_OBJC_ROOT_CLASS = YES_ERROR;
				CLANG_WARN_RANGE_LOOP_ANALYSIS = YES;
				CLANG_WARN_STRICT_PROTOTYPES = YES;
				CLANG_WARN_SUSPICIOUS_MOVE = YES;
				CLANG_WARN_UNGUARDED_AVAILABILITY = YES_AGGRESSIVE;
				CLANG_WARN_UNREACHABLE_CODE = YES;
				CLANG_WARN__DUPLICATE_METHOD_MATCH = YES;
				CODE_SIGN_IDENTITY = "iPhone Developer";
				COPY_PHASE_STRIP = NO;
				DEBUG_INFORMATION_FORMAT = "dwarf-with-dsym";
				ENABLE_NS_ASSERTIONS = NO;
				ENABLE_STRICT_OBJC_MSGSEND = YES;
				GCC_C_LANGUAGE_STANDARD = gnu11;
				GCC_NO_COMMON_BLOCKS = YES;
				GCC_WARN_64_TO_32_BIT_CONVERSION = YES;
				GCC_WARN_ABOUT_RETURN_TYPE = YES_ERROR;
				GCC_WARN_UNDECLARED_SELECTOR = YES;
				GCC_WARN_UNINITIALIZED_AUTOS = YES_AGGRESSIVE;
				GCC_WARN_UNUSED_FUNCTION = YES;
				GCC_WARN_UNUSED_VARIABLE = YES;
				IPHONEOS_DEPLOYMENT_TARGET = 11.2;
				MTL_ENABLE_DEBUG_INFO = NO;
				SDKROOT = iphoneos;
				SWIFT_OPTIMIZATION_LEVEL = "-Owholemodule";
				VALIDATE_PRODUCT = YES;
			};
			name = Release;
		};
		8AB3A674202F74D200373D76 /* Debug */ = {
			isa = XCBuildConfiguration;
			buildSettings = {
				ASSETCATALOG_COMPILER_APPICON_NAME = AppIcon;
				CODE_SIGN_STYLE = Automatic;
				DEVELOPMENT_TEAM = UFPXYFK948;
				INFOPLIST_FILE = "Meme Me/Info.plist";
				IPHONEOS_DEPLOYMENT_TARGET = 11.0;
				LD_RUNPATH_SEARCH_PATHS = "$(inherited) @executable_path/Frameworks";
				PRODUCT_BUNDLE_IDENTIFIER = "com.udacity.Meme-Me";
				PRODUCT_NAME = "$(TARGET_NAME)";
				SWIFT_VERSION = 4.0;
				TARGETED_DEVICE_FAMILY = "1,2";
			};
			name = Debug;
		};
		8AB3A675202F74D200373D76 /* Release */ = {
			isa = XCBuildConfiguration;
			buildSettings = {
				ASSETCATALOG_COMPILER_APPICON_NAME = AppIcon;
				CODE_SIGN_STYLE = Automatic;
				DEVELOPMENT_TEAM = UFPXYFK948;
				INFOPLIST_FILE = "Meme Me/Info.plist";
				IPHONEOS_DEPLOYMENT_TARGET = 11.0;
				LD_RUNPATH_SEARCH_PATHS = "$(inherited) @executable_path/Frameworks";
				PRODUCT_BUNDLE_IDENTIFIER = "com.udacity.Meme-Me";
				PRODUCT_NAME = "$(TARGET_NAME)";
				SWIFT_VERSION = 4.0;
				TARGETED_DEVICE_FAMILY = "1,2";
			};
			name = Release;
		};
/* End XCBuildConfiguration section */

/* Begin XCConfigurationList section */
		8AB3A65C202F74D100373D76 /* Build configuration list for PBXProject "Meme Me" */ = {
			isa = XCConfigurationList;
			buildConfigurations = (
				8AB3A671202F74D200373D76 /* Debug */,
				8AB3A672202F74D200373D76 /* Release */,
			);
			defaultConfigurationIsVisible = 0;
			defaultConfigurationName = Release;
		};
		8AB3A673202F74D200373D76 /* Build configuration list for PBXNativeTarget "Meme Me" */ = {
			isa = XCConfigurationList;
			buildConfigurations = (
				8AB3A674202F74D200373D76 /* Debug */,
				8AB3A675202F74D200373D76 /* Release */,
			);
			defaultConfigurationIsVisible = 0;
			defaultConfigurationName = Release;
		};
/* End XCConfigurationList section */
	};
	rootObject = 8AB3A659202F74D100373D76 /* Project object */;
}
